
Microsoft Visual Studio Solution File, Format Version 12.00
# Visual Studio Version 16
VisualStudioVersion = 16.0.29509.3
MinimumVisualStudioVersion = 10.0.40219.1
Project("{FAE04EC0-301F-11D3-BF4B-00C04F79EFBC}") = "SmurfWalletOW", "SmurfWalletOW\SmurfWalletOW.csproj", "{F052FD33-CEBD-4244-B7C8-299F57117D01}"
EndProject
Global
	GlobalSection(SolutionConfigurationPlatforms) = preSolution
		Debug|Any CPU = Debug|Any CPU
		Release|Any CPU = Release|Any CPU
	EndGlobalSection
	GlobalSection(ProjectConfigurationPlatforms) = postSolution
		{F052FD33-CEBD-4244-B7C8-299F57117D01}.Debug|Any CPU.ActiveCfg = Debug|Any CPU
		{F052FD33-CEBD-4244-B7C8-299F57117D01}.Debug|Any CPU.Build.0 = Debug|Any CPU
		{F052FD33-CEBD-4244-B7C8-299F57117D01}.Release|Any CPU.ActiveCfg = Release|Any CPU
		{F052FD33-CEBD-4244-B7C8-299F57117D01}.Release|Any CPU.Build.0 = Release|Any CPU
	EndGlobalSection
	GlobalSection(SolutionProperties) = preSolution
		HideSolutionNode = FALSE
	EndGlobalSection
	GlobalSection(ExtensibilityGlobals) = postSolution
		SolutionGuid = {280F6264-797E-460B-9ABF-5F51185FE554}
	EndGlobalSection
EndGlobal
